
Microsoft Visual Studio Solution File, Format Version 12.00
# Visual Studio Version 17
VisualStudioVersion = 17.5.002.0
MinimumVisualStudioVersion = 10.0.40219.1
Project("{9A19103F-16F7-4668-BE54-9A1E7A4F7556}") = "LeaveManagementSystem", "LeaveManagementSystem.csproj", "{514AE944-CA73-4FF7-B34F-472FE782D51D}"
EndProject
Global
	GlobalSection(SolutionConfigurationPlatforms) = preSolution
		Debug|Any CPU = Debug|Any CPU
		Release|Any CPU = Release|Any CPU
	EndGlobalSection
	GlobalSection(ProjectConfigurationPlatforms) = postSolution
		{514AE944-CA73-4FF7-B34F-472FE782D51D}.Debug|Any CPU.ActiveCfg = Debug|Any CPU
		{514AE944-CA73-4FF7-B34F-472FE782D51D}.Debug|Any CPU.Build.0 = Debug|Any CPU
		{514AE944-CA73-4FF7-B34F-472FE782D51D}.Release|Any CPU.ActiveCfg = Release|Any CPU
		{514AE944-CA73-4FF7-B34F-472FE782D51D}.Release|Any CPU.Build.0 = Release|Any CPU
	EndGlobalSection
	GlobalSection(SolutionProperties) = preSolution
		HideSolutionNode = FALSE
	EndGlobalSection
	GlobalSection(ExtensibilityGlobals) = postSolution
		SolutionGuid = {A21E30A1-7DBC-4977-B4E7-9AD00DF611DD}
	EndGlobalSection
EndGlobal
